// !$*UTF8*$!
{
	archiveVersion = 1;
	classes = {
	};
	objectVersion = 56;
	objects = {

/* Begin PBXBuildFile section */
		445BFC782B83DE170019E424 /* Date.swift in Sources */ = {isa = PBXBuildFile; fileRef = 445BFC772B83DE170019E424 /* Date.swift */; };
		449483652B834029001D5962 /* RowItemView.swift in Sources */ = {isa = PBXBuildFile; fileRef = 449483642B834029001D5962 /* RowItemView.swift */; };
		44A7CD2E2B826A570088E981 /* ToDoItem.swift in Sources */ = {isa = PBXBuildFile; fileRef = 44A7CD2D2B826A570088E981 /* ToDoItem.swift */; };
		44A7CD312B826FC60088E981 /* ItemViewModel.swift in Sources */ = {isa = PBXBuildFile; fileRef = 44A7CD302B826FC60088E981 /* ItemViewModel.swift */; };
		44AAD2572B875BD9004DE508 /* SortTitleButtonView.swift in Sources */ = {isa = PBXBuildFile; fileRef = 44AAD2562B875BD9004DE508 /* SortTitleButtonView.swift */; };
		E90402322B7F5E6B002C4A85 /* GitHubCollaborationTestAppApp.swift in Sources */ = {isa = PBXBuildFile; fileRef = E90402312B7F5E6B002C4A85 /* GitHubCollaborationTestAppApp.swift */; };
		E90402342B7F5E6B002C4A85 /* ToDoListView.swift in Sources */ = {isa = PBXBuildFile; fileRef = E90402332B7F5E6B002C4A85 /* ToDoListView.swift */; };
		E90402362B7F5E6D002C4A85 /* Assets.xcassets in Resources */ = {isa = PBXBuildFile; fileRef = E90402352B7F5E6D002C4A85 /* Assets.xcassets */; };
		E90402392B7F5E6D002C4A85 /* Preview Assets.xcassets in Resources */ = {isa = PBXBuildFile; fileRef = E90402382B7F5E6D002C4A85 /* Preview Assets.xcassets */; };
		E90402452B7F6317002C4A85 /* Constants.swift in Sources */ = {isa = PBXBuildFile; fileRef = E90402442B7F6317002C4A85 /* Constants.swift */; };
		E90402472B7F639D002C4A85 /* ToDoFileManager.swift in Sources */ = {isa = PBXBuildFile; fileRef = E90402462B7F639D002C4A85 /* ToDoFileManager.swift */; };
		E976BC9D2B827C78005EDA74 /* AddItemViewViewModel.swift in Sources */ = {isa = PBXBuildFile; fileRef = E976BC9C2B827C78005EDA74 /* AddItemViewViewModel.swift */; };
		E976BC9F2B827CE5005EDA74 /* AddItemView.swift in Sources */ = {isa = PBXBuildFile; fileRef = E976BC9E2B827CE5005EDA74 /* AddItemView.swift */; };
/* End PBXBuildFile section */

/* Begin PBXFileReference section */
		445BFC772B83DE170019E424 /* Date.swift */ = {isa = PBXFileReference; lastKnownFileType = sourcecode.swift; path = Date.swift; sourceTree = "<group>"; };
		449483642B834029001D5962 /* RowItemView.swift */ = {isa = PBXFileReference; lastKnownFileType = sourcecode.swift; path = RowItemView.swift; sourceTree = "<group>"; };
		44A7CD2D2B826A570088E981 /* ToDoItem.swift */ = {isa = PBXFileReference; lastKnownFileType = sourcecode.swift; path = ToDoItem.swift; sourceTree = "<group>"; };
		44A7CD302B826FC60088E981 /* ItemViewModel.swift */ = {isa = PBXFileReference; lastKnownFileType = sourcecode.swift; path = ItemViewModel.swift; sourceTree = "<group>"; };
		44AAD2562B875BD9004DE508 /* SortTitleButtonView.swift */ = {isa = PBXFileReference; lastKnownFileType = sourcecode.swift; path = SortTitleButtonView.swift; sourceTree = "<group>"; };
		E904022E2B7F5E6B002C4A85 /* GitHubCollaborationTestApp.app */ = {isa = PBXFileReference; explicitFileType = wrapper.application; includeInIndex = 0; path = GitHubCollaborationTestApp.app; sourceTree = BUILT_PRODUCTS_DIR; };
		E90402312B7F5E6B002C4A85 /* GitHubCollaborationTestAppApp.swift */ = {isa = PBXFileReference; lastKnownFileType = sourcecode.swift; path = GitHubCollaborationTestAppApp.swift; sourceTree = "<group>"; };
		E90402332B7F5E6B002C4A85 /* ToDoListView.swift */ = {isa = PBXFileReference; lastKnownFileType = sourcecode.swift; path = ToDoListView.swift; sourceTree = "<group>"; };
		E90402352B7F5E6D002C4A85 /* Assets.xcassets */ = {isa = PBXFileReference; lastKnownFileType = folder.assetcatalog; path = Assets.xcassets; sourceTree = "<group>"; };
		E90402382B7F5E6D002C4A85 /* Preview Assets.xcassets */ = {isa = PBXFileReference; lastKnownFileType = folder.assetcatalog; path = "Preview Assets.xcassets"; sourceTree = "<group>"; };
		E90402442B7F6317002C4A85 /* Constants.swift */ = {isa = PBXFileReference; lastKnownFileType = sourcecode.swift; path = Constants.swift; sourceTree = "<group>"; };
		E90402462B7F639D002C4A85 /* ToDoFileManager.swift */ = {isa = PBXFileReference; lastKnownFileType = sourcecode.swift; path = ToDoFileManager.swift; sourceTree = "<group>"; };
		E976BC9C2B827C78005EDA74 /* AddItemViewViewModel.swift */ = {isa = PBXFileReference; lastKnownFileType = sourcecode.swift; path = AddItemViewViewModel.swift; sourceTree = "<group>"; };
		E976BC9E2B827CE5005EDA74 /* AddItemView.swift */ = {isa = PBXFileReference; lastKnownFileType = sourcecode.swift; path = AddItemView.swift; sourceTree = "<group>"; };
/* End PBXFileReference section */

/* Begin PBXFrameworksBuildPhase section */
		E904022B2B7F5E6B002C4A85 /* Frameworks */ = {
			isa = PBXFrameworksBuildPhase;
			buildActionMask = 2147483647;
			files = (
			);
			runOnlyForDeploymentPostprocessing = 0;
		};
/* End PBXFrameworksBuildPhase section */

/* Begin PBXGroup section */
		445BFC762B83DE060019E424 /* Extension */ = {
			isa = PBXGroup;
			children = (
				445BFC772B83DE170019E424 /* Date.swift */,
			);
			path = Extension;
			sourceTree = "<group>";
		};
		44A7CD2C2B826A3A0088E981 /* Models */ = {
			isa = PBXGroup;
			children = (
				44A7CD2D2B826A570088E981 /* ToDoItem.swift */,
			);
			path = Models;
			sourceTree = "<group>";
		};
		44A7CD2F2B826F850088E981 /* ViewModels */ = {
			isa = PBXGroup;
			children = (
				44A7CD302B826FC60088E981 /* ItemViewModel.swift */,
				E976BC9C2B827C78005EDA74 /* AddItemViewViewModel.swift */,
			);
			path = ViewModels;
			sourceTree = "<group>";
		};
		E90402252B7F5E6B002C4A85 = {
			isa = PBXGroup;
			children = (
				E90402302B7F5E6B002C4A85 /* GitHubCollaborationTestApp */,
				E904022F2B7F5E6B002C4A85 /* Products */,
			);
			sourceTree = "<group>";
		};
		E904022F2B7F5E6B002C4A85 /* Products */ = {
			isa = PBXGroup;
			children = (
				E904022E2B7F5E6B002C4A85 /* GitHubCollaborationTestApp.app */,
			);
			name = Products;
			sourceTree = "<group>";
		};
		E90402302B7F5E6B002C4A85 /* GitHubCollaborationTestApp */ = {
			isa = PBXGroup;
			children = (
				E90402312B7F5E6B002C4A85 /* GitHubCollaborationTestAppApp.swift */,
				445BFC762B83DE060019E424 /* Extension */,
				44A7CD2F2B826F850088E981 /* ViewModels */,
				E90402422B7F62C7002C4A85 /* Views */,
				44A7CD2C2B826A3A0088E981 /* Models */,
				E90402402B7F62AC002C4A85 /* Managers */,
				E90402412B7F62BC002C4A85 /* Others */,
				E90402352B7F5E6D002C4A85 /* Assets.xcassets */,
				E90402372B7F5E6D002C4A85 /* Preview Content */,
			);
			path = GitHubCollaborationTestApp;
			sourceTree = "<group>";
		};
		E90402372B7F5E6D002C4A85 /* Preview Content */ = {
			isa = PBXGroup;
			children = (
				E90402382B7F5E6D002C4A85 /* Preview Assets.xcassets */,
			);
			path = "Preview Content";
			sourceTree = "<group>";
		};
		E90402402B7F62AC002C4A85 /* Managers */ = {
			isa = PBXGroup;
			children = (
				E90402462B7F639D002C4A85 /* ToDoFileManager.swift */,
			);
			path = Managers;
			sourceTree = "<group>";
		};
		E90402412B7F62BC002C4A85 /* Others */ = {
			isa = PBXGroup;
			children = (
				E90402442B7F6317002C4A85 /* Constants.swift */,
			);
			path = Others;
			sourceTree = "<group>";
		};
		E90402422B7F62C7002C4A85 /* Views */ = {
			isa = PBXGroup;
			children = (
				E90402332B7F5E6B002C4A85 /* ToDoListView.swift */,
				E976BC9E2B827CE5005EDA74 /* AddItemView.swift */,
				449483642B834029001D5962 /* RowItemView.swift */,
				44AAD2562B875BD9004DE508 /* SortTitleButtonView.swift */,
			);
			path = Views;
			sourceTree = "<group>";
		};
/* End PBXGroup section */

/* Begin PBXNativeTarget section */
		E904022D2B7F5E6B002C4A85 /* GitHubCollaborationTestApp */ = {
			isa = PBXNativeTarget;
			buildConfigurationList = E904023C2B7F5E6D002C4A85 /* Build configuration list for PBXNativeTarget "GitHubCollaborationTestApp" */;
			buildPhases = (
				E904022A2B7F5E6B002C4A85 /* Sources */,
				E904022B2B7F5E6B002C4A85 /* Frameworks */,
				E904022C2B7F5E6B002C4A85 /* Resources */,
			);
			buildRules = (
			);
			dependencies = (
			);
			name = GitHubCollaborationTestApp;
			productName = GitHubCollaborationTestApp;
			productReference = E904022E2B7F5E6B002C4A85 /* GitHubCollaborationTestApp.app */;
			productType = "com.apple.product-type.application";
		};
/* End PBXNativeTarget section */

/* Begin PBXProject section */
		E90402262B7F5E6B002C4A85 /* Project object */ = {
			isa = PBXProject;
			attributes = {
				BuildIndependentTargetsInParallel = 1;
				LastSwiftUpdateCheck = 1520;
				LastUpgradeCheck = 1520;
				TargetAttributes = {
					E904022D2B7F5E6B002C4A85 = {
						CreatedOnToolsVersion = 15.2;
					};
				};
			};
			buildConfigurationList = E90402292B7F5E6B002C4A85 /* Build configuration list for PBXProject "GitHubCollaborationTestApp" */;
			compatibilityVersion = "Xcode 14.0";
			developmentRegion = en;
			hasScannedForEncodings = 0;
			knownRegions = (
				en,
				Base,
			);
			mainGroup = E90402252B7F5E6B002C4A85;
			productRefGroup = E904022F2B7F5E6B002C4A85 /* Products */;
			projectDirPath = "";
			projectRoot = "";
			targets = (
				E904022D2B7F5E6B002C4A85 /* GitHubCollaborationTestApp */,
			);
		};
/* End PBXProject section */

/* Begin PBXResourcesBuildPhase section */
		E904022C2B7F5E6B002C4A85 /* Resources */ = {
			isa = PBXResourcesBuildPhase;
			buildActionMask = 2147483647;
			files = (
				E90402392B7F5E6D002C4A85 /* Preview Assets.xcassets in Resources */,
				E90402362B7F5E6D002C4A85 /* Assets.xcassets in Resources */,
			);
			runOnlyForDeploymentPostprocessing = 0;
		};
/* End PBXResourcesBuildPhase section */

/* Begin PBXSourcesBuildPhase section */
		E904022A2B7F5E6B002C4A85 /* Sources */ = {
			isa = PBXSourcesBuildPhase;
			buildActionMask = 2147483647;
			files = (
				E976BC9D2B827C78005EDA74 /* AddItemViewViewModel.swift in Sources */,
				445BFC782B83DE170019E424 /* Date.swift in Sources */,
				44A7CD2E2B826A570088E981 /* ToDoItem.swift in Sources */,
				E90402342B7F5E6B002C4A85 /* ToDoListView.swift in Sources */,
				E90402322B7F5E6B002C4A85 /* GitHubCollaborationTestAppApp.swift in Sources */,
				449483652B834029001D5962 /* RowItemView.swift in Sources */,
				E90402452B7F6317002C4A85 /* Constants.swift in Sources */,
				44AAD2572B875BD9004DE508 /* SortTitleButtonView.swift in Sources */,
				E90402472B7F639D002C4A85 /* ToDoFileManager.swift in Sources */,
				44A7CD312B826FC60088E981 /* ItemViewModel.swift in Sources */,
				E976BC9F2B827CE5005EDA74 /* AddItemView.swift in Sources */,
			);
			runOnlyForDeploymentPostprocessing = 0;
		};
/* End PBXSourcesBuildPhase section */

/* Begin XCBuildConfiguration section */
		E904023A2B7F5E6D002C4A85 /* Debug */ = {
			isa = XCBuildConfiguration;
			buildSettings = {
				ALWAYS_SEARCH_USER_PATHS = NO;
				ASSETCATALOG_COMPILER_GENERATE_SWIFT_ASSET_SYMBOL_EXTENSIONS = YES;
				CLANG_ANALYZER_NONNULL = YES;
				CLANG_ANALYZER_NUMBER_OBJECT_CONVERSION = YES_AGGRESSIVE;
				CLANG_CXX_LANGUAGE_STANDARD = "gnu++20";
				CLANG_ENABLE_MODULES = YES;
				CLANG_ENABLE_OBJC_ARC = YES;
				CLANG_ENABLE_OBJC_WEAK = YES;
				CLANG_WARN_BLOCK_CAPTURE_AUTORELEASING = YES;
				CLANG_WARN_BOOL_CONVERSION = YES;
				CLANG_WARN_COMMA = YES;
				CLANG_WARN_CONSTANT_CONVERSION = YES;
				CLANG_WARN_DEPRECATED_OBJC_IMPLEMENTATIONS = YES;
				CLANG_WARN_DIRECT_OBJC_ISA_USAGE = YES_ERROR;
				CLANG_WARN_DOCUMENTATION_COMMENTS = YES;
				CLANG_WARN_EMPTY_BODY = YES;
				CLANG_WARN_ENUM_CONVERSION = YES;
				CLANG_WARN_INFINITE_RECURSION = YES;
				CLANG_WARN_INT_CONVERSION = YES;
				CLANG_WARN_NON_LITERAL_NULL_CONVERSION = YES;
				CLANG_WARN_OBJC_IMPLICIT_RETAIN_SELF = YES;
				CLANG_WARN_OBJC_LITERAL_CONVERSION = YES;
				CLANG_WARN_OBJC_ROOT_CLASS = YES_ERROR;
				CLANG_WARN_QUOTED_INCLUDE_IN_FRAMEWORK_HEADER = YES;
				CLANG_WARN_RANGE_LOOP_ANALYSIS = YES;
				CLANG_WARN_STRICT_PROTOTYPES = YES;
				CLANG_WARN_SUSPICIOUS_MOVE = YES;
				CLANG_WARN_UNGUARDED_AVAILABILITY = YES_AGGRESSIVE;
				CLANG_WARN_UNREACHABLE_CODE = YES;
				CLANG_WARN__DUPLICATE_METHOD_MATCH = YES;
				COPY_PHASE_STRIP = NO;
				DEBUG_INFORMATION_FORMAT = dwarf;
				ENABLE_STRICT_OBJC_MSGSEND = YES;
				ENABLE_TESTABILITY = YES;
				ENABLE_USER_SCRIPT_SANDBOXING = YES;
				GCC_C_LANGUAGE_STANDARD = gnu17;
				GCC_DYNAMIC_NO_PIC = NO;
				GCC_NO_COMMON_BLOCKS = YES;
				GCC_OPTIMIZATION_LEVEL = 0;
				GCC_PREPROCESSOR_DEFINITIONS = (
					"DEBUG=1",
					"$(inherited)",
				);
				GCC_WARN_64_TO_32_BIT_CONVERSION = YES;
				GCC_WARN_ABOUT_RETURN_TYPE = YES_ERROR;
				GCC_WARN_UNDECLARED_SELECTOR = YES;
				GCC_WARN_UNINITIALIZED_AUTOS = YES_AGGRESSIVE;
				GCC_WARN_UNUSED_FUNCTION = YES;
				GCC_WARN_UNUSED_VARIABLE = YES;
				IPHONEOS_DEPLOYMENT_TARGET = 17.2;
				LOCALIZATION_PREFERS_STRING_CATALOGS = YES;
				MTL_ENABLE_DEBUG_INFO = INCLUDE_SOURCE;
				MTL_FAST_MATH = YES;
				ONLY_ACTIVE_ARCH = YES;
				SDKROOT = iphoneos;
				SWIFT_ACTIVE_COMPILATION_CONDITIONS = "DEBUG $(inherited)";
				SWIFT_OPTIMIZATION_LEVEL = "-Onone";
			};
			name = Debug;
		};
		E904023B2B7F5E6D002C4A85 /* Release */ = {
			isa = XCBuildConfiguration;
			buildSettings = {
				ALWAYS_SEARCH_USER_PATHS = NO;
				ASSETCATALOG_COMPILER_GENERATE_SWIFT_ASSET_SYMBOL_EXTENSIONS = YES;
				CLANG_ANALYZER_NONNULL = YES;
				CLANG_ANALYZER_NUMBER_OBJECT_CONVERSION = YES_AGGRESSIVE;
				CLANG_CXX_LANGUAGE_STANDARD = "gnu++20";
				CLANG_ENABLE_MODULES = YES;
				CLANG_ENABLE_OBJC_ARC = YES;
				CLANG_ENABLE_OBJC_WEAK = YES;
				CLANG_WARN_BLOCK_CAPTURE_AUTORELEASING = YES;
				CLANG_WARN_BOOL_CONVERSION = YES;
				CLANG_WARN_COMMA = YES;
				CLANG_WARN_CONSTANT_CONVERSION = YES;
				CLANG_WARN_DEPRECATED_OBJC_IMPLEMENTATIONS = YES;
				CLANG_WARN_DIRECT_OBJC_ISA_USAGE = YES_ERROR;
				CLANG_WARN_DOCUMENTATION_COMMENTS = YES;
				CLANG_WARN_EMPTY_BODY = YES;
				CLANG_WARN_ENUM_CONVERSION = YES;
				CLANG_WARN_INFINITE_RECURSION = YES;
				CLANG_WARN_INT_CONVERSION = YES;
				CLANG_WARN_NON_LITERAL_NULL_CONVERSION = YES;
				CLANG_WARN_OBJC_IMPLICIT_RETAIN_SELF = YES;
				CLANG_WARN_OBJC_LITERAL_CONVERSION = YES;
				CLANG_WARN_OBJC_ROOT_CLASS = YES_ERROR;
				CLANG_WARN_QUOTED_INCLUDE_IN_FRAMEWORK_HEADER = YES;
				CLANG_WARN_RANGE_LOOP_ANALYSIS = YES;
				CLANG_WARN_STRICT_PROTOTYPES = YES;
				CLANG_WARN_SUSPICIOUS_MOVE = YES;
				CLANG_WARN_UNGUARDED_AVAILABILITY = YES_AGGRESSIVE;
				CLANG_WARN_UNREACHABLE_CODE = YES;
				CLANG_WARN__DUPLICATE_METHOD_MATCH = YES;
				COPY_PHASE_STRIP = NO;
				DEBUG_INFORMATION_FORMAT = "dwarf-with-dsym";
				ENABLE_NS_ASSERTIONS = NO;
				ENABLE_STRICT_OBJC_MSGSEND = YES;
				ENABLE_USER_SCRIPT_SANDBOXING = YES;
				GCC_C_LANGUAGE_STANDARD = gnu17;
				GCC_NO_COMMON_BLOCKS = YES;
				GCC_WARN_64_TO_32_BIT_CONVERSION = YES;
				GCC_WARN_ABOUT_RETURN_TYPE = YES_ERROR;
				GCC_WARN_UNDECLARED_SELECTOR = YES;
				GCC_WARN_UNINITIALIZED_AUTOS = YES_AGGRESSIVE;
				GCC_WARN_UNUSED_FUNCTION = YES;
				GCC_WARN_UNUSED_VARIABLE = YES;
				IPHONEOS_DEPLOYMENT_TARGET = 17.2;
				LOCALIZATION_PREFERS_STRING_CATALOGS = YES;
				MTL_ENABLE_DEBUG_INFO = NO;
				MTL_FAST_MATH = YES;
				SDKROOT = iphoneos;
				SWIFT_COMPILATION_MODE = wholemodule;
				VALIDATE_PRODUCT = YES;
			};
			name = Release;
		};
		E904023D2B7F5E6D002C4A85 /* Debug */ = {
			isa = XCBuildConfiguration;
			buildSettings = {
				ASSETCATALOG_COMPILER_APPICON_NAME = AppIcon;
				ASSETCATALOG_COMPILER_GLOBAL_ACCENT_COLOR_NAME = AccentColor;
				CODE_SIGN_STYLE = Automatic;
				CURRENT_PROJECT_VERSION = 1;
				DEVELOPMENT_ASSET_PATHS = "\"GitHubCollaborationTestApp/Preview Content\"";
				DEVELOPMENT_TEAM = T9XKU6XX4L;
				ENABLE_PREVIEWS = YES;
				GENERATE_INFOPLIST_FILE = YES;
				INFOPLIST_KEY_UIApplicationSceneManifest_Generation = YES;
				INFOPLIST_KEY_UIApplicationSupportsIndirectInputEvents = YES;
				INFOPLIST_KEY_UILaunchScreen_Generation = YES;
				INFOPLIST_KEY_UISupportedInterfaceOrientations_iPad = "UIInterfaceOrientationPortrait UIInterfaceOrientationPortraitUpsideDown UIInterfaceOrientationLandscapeLeft UIInterfaceOrientationLandscapeRight";
				INFOPLIST_KEY_UISupportedInterfaceOrientations_iPhone = "UIInterfaceOrientationPortrait UIInterfaceOrientationLandscapeLeft UIInterfaceOrientationLandscapeRight";
				LD_RUNPATH_SEARCH_PATHS = (
					"$(inherited)",
					"@executable_path/Frameworks",
				);
				MARKETING_VERSION = 1.0;
				PRODUCT_BUNDLE_IDENTIFIER = DominikHel.GitHubCollaborationTestApp;
				PRODUCT_NAME = "$(TARGET_NAME)";
				SWIFT_EMIT_LOC_STRINGS = YES;
				SWIFT_VERSION = 5.0;
				TARGETED_DEVICE_FAMILY = "1,2";
			};
			name = Debug;
		};
		E904023E2B7F5E6D002C4A85 /* Release */ = {
			isa = XCBuildConfiguration;
			buildSettings = {
				ASSETCATALOG_COMPILER_APPICON_NAME = AppIcon;
				ASSETCATALOG_COMPILER_GLOBAL_ACCENT_COLOR_NAME = AccentColor;
				CODE_SIGN_STYLE = Automatic;
				CURRENT_PROJECT_VERSION = 1;
				DEVELOPMENT_ASSET_PATHS = "\"GitHubCollaborationTestApp/Preview Content\"";
				DEVELOPMENT_TEAM = T9XKU6XX4L;
				ENABLE_PREVIEWS = YES;
				GENERATE_INFOPLIST_FILE = YES;
				INFOPLIST_KEY_UIApplicationSceneManifest_Generation = YES;
				INFOPLIST_KEY_UIApplicationSupportsIndirectInputEvents = YES;
				INFOPLIST_KEY_UILaunchScreen_Generation = YES;
				INFOPLIST_KEY_UISupportedInterfaceOrientations_iPad = "UIInterfaceOrientationPortrait UIInterfaceOrientationPortraitUpsideDown UIInterfaceOrientationLandscapeLeft UIInterfaceOrientationLandscapeRight";
				INFOPLIST_KEY_UISupportedInterfaceOrientations_iPhone = "UIInterfaceOrientationPortrait UIInterfaceOrientationLandscapeLeft UIInterfaceOrientationLandscapeRight";
				LD_RUNPATH_SEARCH_PATHS = (
					"$(inherited)",
					"@executable_path/Frameworks",
				);
				MARKETING_VERSION = 1.0;
				PRODUCT_BUNDLE_IDENTIFIER = DominikHel.GitHubCollaborationTestApp;
				PRODUCT_NAME = "$(TARGET_NAME)";
				SWIFT_EMIT_LOC_STRINGS = YES;
				SWIFT_VERSION = 5.0;
				TARGETED_DEVICE_FAMILY = "1,2";
			};
			name = Release;
		};
/* End XCBuildConfiguration section */

/* Begin XCConfigurationList section */
		E90402292B7F5E6B002C4A85 /* Build configuration list for PBXProject "GitHubCollaborationTestApp" */ = {
			isa = XCConfigurationList;
			buildConfigurations = (
				E904023A2B7F5E6D002C4A85 /* Debug */,
				E904023B2B7F5E6D002C4A85 /* Release */,
			);
			defaultConfigurationIsVisible = 0;
			defaultConfigurationName = Release;
		};
		E904023C2B7F5E6D002C4A85 /* Build configuration list for PBXNativeTarget "GitHubCollaborationTestApp" */ = {
			isa = XCConfigurationList;
			buildConfigurations = (
				E904023D2B7F5E6D002C4A85 /* Debug */,
				E904023E2B7F5E6D002C4A85 /* Release */,
			);
			defaultConfigurationIsVisible = 0;
			defaultConfigurationName = Release;
		};
/* End XCConfigurationList section */
	};
	rootObject = E90402262B7F5E6B002C4A85 /* Project object */;
}
